
Microsoft Visual Studio Solution File, Format Version 11.00
# Visual Studio 2010
Project("{FAE04EC0-301F-11D3-BF4B-00C04F79EFBC}") = "UIComponent", "Assembly-CSharp.csproj", "{FDFFFAD8-C7D8-F56C-9D1C-A84C15D96BDB}"
EndProject
Project("{FAE04EC0-301F-11D3-BF4B-00C04F79EFBC}") = "UIComponent", "Assembly-CSharp-Editor.csproj", "{833F5876-64AA-0587-77DC-431B1B44C86B}"
EndProject
Global
	GlobalSection(SolutionConfigurationPlatforms) = preSolution
		Debug|Any CPU = Debug|Any CPU
		Release|Any CPU = Release|Any CPU
	EndGlobalSection
	GlobalSection(ProjectConfigurationPlatforms) = postSolution
		{FDFFFAD8-C7D8-F56C-9D1C-A84C15D96BDB}.Debug|Any CPU.ActiveCfg = Debug|Any CPU
		{FDFFFAD8-C7D8-F56C-9D1C-A84C15D96BDB}.Debug|Any CPU.Build.0 = Debug|Any CPU
		{FDFFFAD8-C7D8-F56C-9D1C-A84C15D96BDB}.Release|Any CPU.ActiveCfg = Release|Any CPU
		{FDFFFAD8-C7D8-F56C-9D1C-A84C15D96BDB}.Release|Any CPU.Build.0 = Release|Any CPU
		{833F5876-64AA-0587-77DC-431B1B44C86B}.Debug|Any CPU.ActiveCfg = Debug|Any CPU
		{833F5876-64AA-0587-77DC-431B1B44C86B}.Debug|Any CPU.Build.0 = Debug|Any CPU
		{833F5876-64AA-0587-77DC-431B1B44C86B}.Release|Any CPU.ActiveCfg = Release|Any CPU
		{833F5876-64AA-0587-77DC-431B1B44C86B}.Release|Any CPU.Build.0 = Release|Any CPU
	EndGlobalSection
	GlobalSection(SolutionProperties) = preSolution
		HideSolutionNode = FALSE
	EndGlobalSection
	GlobalSection(MonoDevelopProperties) = preSolution
		StartupItem = Assembly-CSharp.csproj
	EndGlobalSection
EndGlobal
